// !$*UTF8*$!
{
	archiveVersion = 1;
	classes = {
	};
	objectVersion = 46;
	objects = {

/* Begin PBXBuildFile section */
		1AD73B8E1CAC3A990084F8CA /* Pods-acknowledgements.plist in Resources */ = {isa = PBXBuildFile; fileRef = 1AD73B8D1CAC3A990084F8CA /* Pods-acknowledgements.plist */; };
		1F6C52AD1B7F495700B9A7CC /* AppDelegate.swift in Sources */ = {isa = PBXBuildFile; fileRef = 1F6C52AC1B7F495700B9A7CC /* AppDelegate.swift */; };
		1F6C52AF1B7F495700B9A7CC /* ViewController.swift in Sources */ = {isa = PBXBuildFile; fileRef = 1F6C52AE1B7F495700B9A7CC /* ViewController.swift */; };
		1F6C52B21B7F495700B9A7CC /* Main.storyboard in Resources */ = {isa = PBXBuildFile; fileRef = 1F6C52B01B7F495700B9A7CC /* Main.storyboard */; };
		1F6C52B41B7F495700B9A7CC /* Images.xcassets in Resources */ = {isa = PBXBuildFile; fileRef = 1F6C52B31B7F495700B9A7CC /* Images.xcassets */; };
		1F6C52B71B7F495700B9A7CC /* LaunchScreen.xib in Resources */ = {isa = PBXBuildFile; fileRef = 1F6C52B51B7F495700B9A7CC /* LaunchScreen.xib */; };
		D7A999442058275600A3F668 /* AppDelegate.swift in Sources */ = {isa = PBXBuildFile; fileRef = D7A999432058275600A3F668 /* AppDelegate.swift */; };
		D7A999462058275600A3F668 /* ViewController.swift in Sources */ = {isa = PBXBuildFile; fileRef = D7A999452058275600A3F668 /* ViewController.swift */; };
		D7A999492058275600A3F668 /* Main.storyboard in Resources */ = {isa = PBXBuildFile; fileRef = D7A999472058275600A3F668 /* Main.storyboard */; };
		D7A9994B2058275600A3F668 /* Assets.xcassets in Resources */ = {isa = PBXBuildFile; fileRef = D7A9994A2058275600A3F668 /* Assets.xcassets */; };
		D7A999502058277C00A3F668 /* Pods-acknowledgements.plist in Resources */ = {isa = PBXBuildFile; fileRef = 1AD73B8D1CAC3A990084F8CA /* Pods-acknowledgements.plist */; };
		D7A99951205827D600A3F668 /* AcknowList.framework in Frameworks */ = {isa = PBXBuildFile; fileRef = D7F4DAA81E8579FF003F0540 /* AcknowList.framework */; };
		D7A99952205827D600A3F668 /* AcknowList.framework in Embed Frameworks */ = {isa = PBXBuildFile; fileRef = D7F4DAA81E8579FF003F0540 /* AcknowList.framework */; settings = {ATTRIBUTES = (CodeSignOnCopy, RemoveHeadersOnCopy, ); }; };
		D7F4DAA91E8579FF003F0540 /* AcknowList.framework in Frameworks */ = {isa = PBXBuildFile; fileRef = D7F4DAA81E8579FF003F0540 /* AcknowList.framework */; };
		D7F4DAAA1E8579FF003F0540 /* AcknowList.framework in Embed Frameworks */ = {isa = PBXBuildFile; fileRef = D7F4DAA81E8579FF003F0540 /* AcknowList.framework */; settings = {ATTRIBUTES = (CodeSignOnCopy, RemoveHeadersOnCopy, ); }; };
/* End PBXBuildFile section */

/* Begin PBXCopyFilesBuildPhase section */
		D7A99953205827D600A3F668 /* Embed Frameworks */ = {
			isa = PBXCopyFilesBuildPhase;
			buildActionMask = 2147483647;
			dstPath = "";
			dstSubfolderSpec = 10;
			files = (
				D7A99952205827D600A3F668 /* AcknowList.framework in Embed Frameworks */,
			);
			name = "Embed Frameworks";
			runOnlyForDeploymentPostprocessing = 0;
		};
		D7F4DAAB1E857A00003F0540 /* Embed Frameworks */ = {
			isa = PBXCopyFilesBuildPhase;
			buildActionMask = 2147483647;
			dstPath = "";
			dstSubfolderSpec = 10;
			files = (
				D7F4DAAA1E8579FF003F0540 /* AcknowList.framework in Embed Frameworks */,
			);
			name = "Embed Frameworks";
			runOnlyForDeploymentPostprocessing = 0;
		};
/* End PBXCopyFilesBuildPhase section */

/* Begin PBXFileReference section */
		1AD73B8D1CAC3A990084F8CA /* Pods-acknowledgements.plist */ = {isa = PBXFileReference; fileEncoding = 4; lastKnownFileType = text.plist.xml; name = "Pods-acknowledgements.plist"; path = "../../Tests/Pods-acknowledgements.plist"; sourceTree = "<group>"; };
		1AD73BAB1CAC45BD0084F8CA /* AcknowList.framework */ = {isa = PBXFileReference; lastKnownFileType = wrapper.framework; name = AcknowList.framework; path = "../../../../Library/Developer/Xcode/DerivedData/AcknowList-hcxjausribyixhgxamdenioijlba/Build/Products/Debug-iphonesimulator/AcknowList.framework"; sourceTree = "<group>"; };
		1F6C52A71B7F495700B9A7CC /* AcknowExample.app */ = {isa = PBXFileReference; explicitFileType = wrapper.application; includeInIndex = 0; path = AcknowExample.app; sourceTree = BUILT_PRODUCTS_DIR; };
		1F6C52AB1B7F495700B9A7CC /* Info.plist */ = {isa = PBXFileReference; lastKnownFileType = text.plist.xml; path = Info.plist; sourceTree = "<group>"; };
		1F6C52AC1B7F495700B9A7CC /* AppDelegate.swift */ = {isa = PBXFileReference; lastKnownFileType = sourcecode.swift; path = AppDelegate.swift; sourceTree = "<group>"; };
		1F6C52AE1B7F495700B9A7CC /* ViewController.swift */ = {isa = PBXFileReference; lastKnownFileType = sourcecode.swift; path = ViewController.swift; sourceTree = "<group>"; };
		1F6C52B11B7F495700B9A7CC /* Base */ = {isa = PBXFileReference; lastKnownFileType = file.storyboard; name = Base; path = Base.lproj/Main.storyboard; sourceTree = "<group>"; };
		1F6C52B31B7F495700B9A7CC /* Images.xcassets */ = {isa = PBXFileReference; lastKnownFileType = folder.assetcatalog; path = Images.xcassets; sourceTree = "<group>"; };
		1F6C52B61B7F495700B9A7CC /* Base */ = {isa = PBXFileReference; lastKnownFileType = file.xib; name = Base; path = Base.lproj/LaunchScreen.xib; sourceTree = "<group>"; };
		D7A999412058275600A3F668 /* AcknowExampleTV.app */ = {isa = PBXFileReference; explicitFileType = wrapper.application; includeInIndex = 0; path = AcknowExampleTV.app; sourceTree = BUILT_PRODUCTS_DIR; };
		D7A999432058275600A3F668 /* AppDelegate.swift */ = {isa = PBXFileReference; lastKnownFileType = sourcecode.swift; path = AppDelegate.swift; sourceTree = "<group>"; };
		D7A999452058275600A3F668 /* ViewController.swift */ = {isa = PBXFileReference; lastKnownFileType = sourcecode.swift; path = ViewController.swift; sourceTree = "<group>"; };
		D7A999482058275600A3F668 /* Base */ = {isa = PBXFileReference; lastKnownFileType = file.storyboard; name = Base; path = Base.lproj/Main.storyboard; sourceTree = "<group>"; };
		D7A9994A2058275600A3F668 /* Assets.xcassets */ = {isa = PBXFileReference; lastKnownFileType = folder.assetcatalog; path = Assets.xcassets; sourceTree = "<group>"; };
		D7A9994C2058275600A3F668 /* Info.plist */ = {isa = PBXFileReference; lastKnownFileType = text.plist.xml; path = Info.plist; sourceTree = "<group>"; };
		D7F4DAA81E8579FF003F0540 /* AcknowList.framework */ = {isa = PBXFileReference; explicitFileType = wrapper.framework; path = AcknowList.framework; sourceTree = BUILT_PRODUCTS_DIR; };
/* End PBXFileReference section */

/* Begin PBXFrameworksBuildPhase section */
		1F6C52A41B7F495700B9A7CC /* Frameworks */ = {
			isa = PBXFrameworksBuildPhase;
			buildActionMask = 2147483647;
			files = (
				D7F4DAA91E8579FF003F0540 /* AcknowList.framework in Frameworks */,
			);
			runOnlyForDeploymentPostprocessing = 0;
		};
		D7A9993E2058275600A3F668 /* Frameworks */ = {
			isa = PBXFrameworksBuildPhase;
			buildActionMask = 2147483647;
			files = (
				D7A99951205827D600A3F668 /* AcknowList.framework in Frameworks */,
			);
			runOnlyForDeploymentPostprocessing = 0;
		};
/* End PBXFrameworksBuildPhase section */

/* Begin PBXGroup section */
		1F6C529E1B7F495700B9A7CC = {
			isa = PBXGroup;
			children = (
				D7F4DAA81E8579FF003F0540 /* AcknowList.framework */,
				1F6C52A91B7F495700B9A7CC /* AcknowExample */,
				D7A999422058275600A3F668 /* AcknowExampleTV */,
				1F6C52A81B7F495700B9A7CC /* Products */,
				D473FA81574D35010E2892B4 /* Frameworks */,
			);
			sourceTree = "<group>";
		};
		1F6C52A81B7F495700B9A7CC /* Products */ = {
			isa = PBXGroup;
			children = (
				1F6C52A71B7F495700B9A7CC /* AcknowExample.app */,
				D7A999412058275600A3F668 /* AcknowExampleTV.app */,
			);
			name = Products;
			sourceTree = "<group>";
		};
		1F6C52A91B7F495700B9A7CC /* AcknowExample */ = {
			isa = PBXGroup;
			children = (
				1F6C52AC1B7F495700B9A7CC /* AppDelegate.swift */,
				1F6C52AE1B7F495700B9A7CC /* ViewController.swift */,
				1F6C52B01B7F495700B9A7CC /* Main.storyboard */,
				1F6C52B31B7F495700B9A7CC /* Images.xcassets */,
				1F6C52B51B7F495700B9A7CC /* LaunchScreen.xib */,
				1F6C52AA1B7F495700B9A7CC /* Supporting Files */,
			);
			path = AcknowExample;
			sourceTree = "<group>";
		};
		1F6C52AA1B7F495700B9A7CC /* Supporting Files */ = {
			isa = PBXGroup;
			children = (
				1AD73B8D1CAC3A990084F8CA /* Pods-acknowledgements.plist */,
				1F6C52AB1B7F495700B9A7CC /* Info.plist */,
			);
			name = "Supporting Files";
			sourceTree = "<group>";
		};
		D473FA81574D35010E2892B4 /* Frameworks */ = {
			isa = PBXGroup;
			children = (
				1AD73BAB1CAC45BD0084F8CA /* AcknowList.framework */,
			);
			name = Frameworks;
			sourceTree = "<group>";
		};
		D7A999422058275600A3F668 /* AcknowExampleTV */ = {
			isa = PBXGroup;
			children = (
				D7A999432058275600A3F668 /* AppDelegate.swift */,
				D7A999452058275600A3F668 /* ViewController.swift */,
				D7A999472058275600A3F668 /* Main.storyboard */,
				D7A9994A2058275600A3F668 /* Assets.xcassets */,
				D7A9994C2058275600A3F668 /* Info.plist */,
			);
			path = AcknowExampleTV;
			sourceTree = "<group>";
		};
/* End PBXGroup section */

/* Begin PBXNativeTarget section */
		1F6C52A61B7F495700B9A7CC /* AcknowExample */ = {
			isa = PBXNativeTarget;
			buildConfigurationList = 1F6C52C61B7F495700B9A7CC /* Build configuration list for PBXNativeTarget "AcknowExample" */;
			buildPhases = (
				1F6C52A31B7F495700B9A7CC /* Sources */,
				1F6C52A41B7F495700B9A7CC /* Frameworks */,
				1F6C52A51B7F495700B9A7CC /* Resources */,
				D7F4DAAB1E857A00003F0540 /* Embed Frameworks */,
			);
			buildRules = (
			);
			dependencies = (
			);
			name = AcknowExample;
			productName = AcknowExample;
			productReference = 1F6C52A71B7F495700B9A7CC /* AcknowExample.app */;
			productType = "com.apple.product-type.application";
		};
		D7A999402058275600A3F668 /* AcknowExampleTV */ = {
			isa = PBXNativeTarget;
			buildConfigurationList = D7A9994F2058275600A3F668 /* Build configuration list for PBXNativeTarget "AcknowExampleTV" */;
			buildPhases = (
				D7A9993D2058275600A3F668 /* Sources */,
				D7A9993E2058275600A3F668 /* Frameworks */,
				D7A9993F2058275600A3F668 /* Resources */,
				D7A99953205827D600A3F668 /* Embed Frameworks */,
			);
			buildRules = (
			);
			dependencies = (
			);
			name = AcknowExampleTV;
			productName = AcknowExampleTV;
			productReference = D7A999412058275600A3F668 /* AcknowExampleTV.app */;
			productType = "com.apple.product-type.application";
		};
/* End PBXNativeTarget section */

/* Begin PBXProject section */
		1F6C529F1B7F495700B9A7CC /* Project object */ = {
			isa = PBXProject;
			attributes = {
				LastSwiftMigration = 0700;
				LastSwiftUpdateCheck = 0920;
				LastUpgradeCheck = 0940;
				ORGANIZATIONNAME = VTourraine;
				TargetAttributes = {
					1F6C52A61B7F495700B9A7CC = {
						CreatedOnToolsVersion = 6.4;
						LastSwiftMigration = 0900;
					};
					D7A999402058275600A3F668 = {
						CreatedOnToolsVersion = 9.2;
						ProvisioningStyle = Automatic;
					};
				};
			};
			buildConfigurationList = 1F6C52A21B7F495700B9A7CC /* Build configuration list for PBXProject "AcknowExample" */;
			compatibilityVersion = "Xcode 3.2";
			developmentRegion = English;
			hasScannedForEncodings = 0;
			knownRegions = (
				en,
				Base,
			);
			mainGroup = 1F6C529E1B7F495700B9A7CC;
			productRefGroup = 1F6C52A81B7F495700B9A7CC /* Products */;
			projectDirPath = "";
			projectRoot = "";
			targets = (
				1F6C52A61B7F495700B9A7CC /* AcknowExample */,
				D7A999402058275600A3F668 /* AcknowExampleTV */,
			);
		};
/* End PBXProject section */

/* Begin PBXResourcesBuildPhase section */
		1F6C52A51B7F495700B9A7CC /* Resources */ = {
			isa = PBXResourcesBuildPhase;
			buildActionMask = 2147483647;
			files = (
				1F6C52B21B7F495700B9A7CC /* Main.storyboard in Resources */,
				1F6C52B71B7F495700B9A7CC /* LaunchScreen.xib in Resources */,
				1F6C52B41B7F495700B9A7CC /* Images.xcassets in Resources */,
				1AD73B8E1CAC3A990084F8CA /* Pods-acknowledgements.plist in Resources */,
			);
			runOnlyForDeploymentPostprocessing = 0;
		};
		D7A9993F2058275600A3F668 /* Resources */ = {
			isa = PBXResourcesBuildPhase;
			buildActionMask = 2147483647;
			files = (
				D7A999502058277C00A3F668 /* Pods-acknowledgements.plist in Resources */,
				D7A9994B2058275600A3F668 /* Assets.xcassets in Resources */,
				D7A999492058275600A3F668 /* Main.storyboard in Resources */,
			);
			runOnlyForDeploymentPostprocessing = 0;
		};
/* End PBXResourcesBuildPhase section */

/* Begin PBXSourcesBuildPhase section */
		1F6C52A31B7F495700B9A7CC /* Sources */ = {
			isa = PBXSourcesBuildPhase;
			buildActionMask = 2147483647;
			files = (
				1F6C52AF1B7F495700B9A7CC /* ViewController.swift in Sources */,
				1F6C52AD1B7F495700B9A7CC /* AppDelegate.swift in Sources */,
			);
			runOnlyForDeploymentPostprocessing = 0;
		};
		D7A9993D2058275600A3F668 /* Sources */ = {
			isa = PBXSourcesBuildPhase;
			buildActionMask = 2147483647;
			files = (
				D7A999462058275600A3F668 /* ViewController.swift in Sources */,
				D7A999442058275600A3F668 /* AppDelegate.swift in Sources */,
			);
			runOnlyForDeploymentPostprocessing = 0;
		};
/* End PBXSourcesBuildPhase section */

/* Begin PBXVariantGroup section */
		1F6C52B01B7F495700B9A7CC /* Main.storyboard */ = {
			isa = PBXVariantGroup;
			children = (
				1F6C52B11B7F495700B9A7CC /* Base */,
			);
			name = Main.storyboard;
			sourceTree = "<group>";
		};
		1F6C52B51B7F495700B9A7CC /* LaunchScreen.xib */ = {
			isa = PBXVariantGroup;
			children = (
				1F6C52B61B7F495700B9A7CC /* Base */,
			);
			name = LaunchScreen.xib;
			sourceTree = "<group>";
		};
		D7A999472058275600A3F668 /* Main.storyboard */ = {
			isa = PBXVariantGroup;
			children = (
				D7A999482058275600A3F668 /* Base */,
			);
			name = Main.storyboard;
			sourceTree = "<group>";
		};
/* End PBXVariantGroup section */

/* Begin XCBuildConfiguration section */
		1F6C52C41B7F495700B9A7CC /* Debug */ = {
			isa = XCBuildConfiguration;
			buildSettings = {
				ALWAYS_SEARCH_USER_PATHS = NO;
				CLANG_CXX_LANGUAGE_STANDARD = "gnu++0x";
				CLANG_CXX_LIBRARY = "libc++";
				CLANG_ENABLE_MODULES = YES;
				CLANG_ENABLE_OBJC_ARC = YES;
				CLANG_WARN_BLOCK_CAPTURE_AUTORELEASING = YES;
				CLANG_WARN_BOOL_CONVERSION = YES;
				CLANG_WARN_COMMA = YES;
				CLANG_WARN_CONSTANT_CONVERSION = YES;
				CLANG_WARN_DEPRECATED_OBJC_IMPLEMENTATIONS = YES;
				CLANG_WARN_DIRECT_OBJC_ISA_USAGE = YES_ERROR;
				CLANG_WARN_EMPTY_BODY = YES;
				CLANG_WARN_ENUM_CONVERSION = YES;
				CLANG_WARN_INFINITE_RECURSION = YES;
				CLANG_WARN_INT_CONVERSION = YES;
				CLANG_WARN_NON_LITERAL_NULL_CONVERSION = YES;
				CLANG_WARN_OBJC_IMPLICIT_RETAIN_SELF = YES;
				CLANG_WARN_OBJC_LITERAL_CONVERSION = YES;
				CLANG_WARN_OBJC_ROOT_CLASS = YES_ERROR;
				CLANG_WARN_RANGE_LOOP_ANALYSIS = YES;
				CLANG_WARN_STRICT_PROTOTYPES = YES;
				CLANG_WARN_SUSPICIOUS_MOVE = YES;
				CLANG_WARN_UNREACHABLE_CODE = YES;
				CLANG_WARN__DUPLICATE_METHOD_MATCH = YES;
				"CODE_SIGN_IDENTITY[sdk=iphoneos*]" = "iPhone Developer";
				COPY_PHASE_STRIP = NO;
				DEBUG_INFORMATION_FORMAT = "dwarf-with-dsym";
				ENABLE_STRICT_OBJC_MSGSEND = YES;
				ENABLE_TESTABILITY = YES;
				GCC_C_LANGUAGE_STANDARD = gnu99;
				GCC_DYNAMIC_NO_PIC = NO;
				GCC_NO_COMMON_BLOCKS = YES;
				GCC_OPTIMIZATION_LEVEL = 0;
				GCC_PREPROCESSOR_DEFINITIONS = (
					"DEBUG=1",
					"$(inherited)",
				);
				GCC_SYMBOLS_PRIVATE_EXTERN = NO;
				GCC_WARN_64_TO_32_BIT_CONVERSION = YES;
				GCC_WARN_ABOUT_RETURN_TYPE = YES_ERROR;
				GCC_WARN_UNDECLARED_SELECTOR = YES;
				GCC_WARN_UNINITIALIZED_AUTOS = YES_AGGRESSIVE;
				GCC_WARN_UNUSED_FUNCTION = YES;
				GCC_WARN_UNUSED_VARIABLE = YES;
				IPHONEOS_DEPLOYMENT_TARGET = 8.0;
				MTL_ENABLE_DEBUG_INFO = YES;
				ONLY_ACTIVE_ARCH = YES;
				SDKROOT = iphoneos;
				SWIFT_OPTIMIZATION_LEVEL = "-Onone";
				SWIFT_SWIFT3_OBJC_INFERENCE = Off;
				TARGETED_DEVICE_FAMILY = "1,2";
			};
			name = Debug;
		};
		1F6C52C51B7F495700B9A7CC /* Release */ = {
			isa = XCBuildConfiguration;
			buildSettings = {
				ALWAYS_SEARCH_USER_PATHS = NO;
				CLANG_CXX_LANGUAGE_STANDARD = "gnu++0x";
				CLANG_CXX_LIBRARY = "libc++";
				CLANG_ENABLE_MODULES = YES;
				CLANG_ENABLE_OBJC_ARC = YES;
				CLANG_WARN_BLOCK_CAPTURE_AUTORELEASING = YES;
				CLANG_WARN_BOOL_CONVERSION = YES;
				CLANG_WARN_COMMA = YES;
				CLANG_WARN_CONSTANT_CONVERSION = YES;
				CLANG_WARN_DEPRECATED_OBJC_IMPLEMENTATIONS = YES;
				CLANG_WARN_DIRECT_OBJC_ISA_USAGE = YES_ERROR;
				CLANG_WARN_EMPTY_BODY = YES;
				CLANG_WARN_ENUM_CONVERSION = YES;
				CLANG_WARN_INFINITE_RECURSION = YES;
				CLANG_WARN_INT_CONVERSION = YES;
				CLANG_WARN_NON_LITERAL_NULL_CONVERSION = YES;
				CLANG_WARN_OBJC_IMPLICIT_RETAIN_SELF = YES;
				CLANG_WARN_OBJC_LITERAL_CONVERSION = YES;
				CLANG_WARN_OBJC_ROOT_CLASS = YES_ERROR;
				CLANG_WARN_RANGE_LOOP_ANALYSIS = YES;
				CLANG_WARN_STRICT_PROTOTYPES = YES;
				CLANG_WARN_SUSPICIOUS_MOVE = YES;
				CLANG_WARN_UNREACHABLE_CODE = YES;
				CLANG_WARN__DUPLICATE_METHOD_MATCH = YES;
				"CODE_SIGN_IDENTITY[sdk=iphoneos*]" = "iPhone Developer";
				COPY_PHASE_STRIP = NO;
				DEBUG_INFORMATION_FORMAT = "dwarf-with-dsym";
				ENABLE_NS_ASSERTIONS = NO;
				ENABLE_STRICT_OBJC_MSGSEND = YES;
				GCC_C_LANGUAGE_STANDARD = gnu99;
				GCC_NO_COMMON_BLOCKS = YES;
				GCC_WARN_64_TO_32_BIT_CONVERSION = YES;
				GCC_WARN_ABOUT_RETURN_TYPE = YES_ERROR;
				GCC_WARN_UNDECLARED_SELECTOR = YES;
				GCC_WARN_UNINITIALIZED_AUTOS = YES_AGGRESSIVE;
				GCC_WARN_UNUSED_FUNCTION = YES;
				GCC_WARN_UNUSED_VARIABLE = YES;
				IPHONEOS_DEPLOYMENT_TARGET = 8.0;
				MTL_ENABLE_DEBUG_INFO = NO;
				SDKROOT = iphoneos;
				SWIFT_OPTIMIZATION_LEVEL = "-Owholemodule";
				SWIFT_SWIFT3_OBJC_INFERENCE = Off;
				TARGETED_DEVICE_FAMILY = "1,2";
				VALIDATE_PRODUCT = YES;
			};
			name = Release;
		};
		1F6C52C71B7F495700B9A7CC /* Debug */ = {
			isa = XCBuildConfiguration;
			buildSettings = {
				ASSETCATALOG_COMPILER_APPICON_NAME = AppIcon;
				FRAMEWORK_SEARCH_PATHS = "$(inherited)";
				INFOPLIST_FILE = AcknowExample/Info.plist;
				IPHONEOS_DEPLOYMENT_TARGET = 11.0;
				LD_RUNPATH_SEARCH_PATHS = "$(inherited) @executable_path/Frameworks";
				PRODUCT_BUNDLE_IDENTIFIER = "net.vtourraine.$(PRODUCT_NAME:rfc1034identifier)";
				PRODUCT_NAME = "$(TARGET_NAME)";
				SWIFT_SWIFT3_OBJC_INFERENCE = Off;
				SWIFT_VERSION = 4.0;
			};
			name = Debug;
		};
		1F6C52C81B7F495700B9A7CC /* Release */ = {
			isa = XCBuildConfiguration;
			buildSettings = {
				ASSETCATALOG_COMPILER_APPICON_NAME = AppIcon;
				FRAMEWORK_SEARCH_PATHS = "$(inherited)";
				INFOPLIST_FILE = AcknowExample/Info.plist;
				IPHONEOS_DEPLOYMENT_TARGET = 11.0;
				LD_RUNPATH_SEARCH_PATHS = "$(inherited) @executable_path/Frameworks";
				PRODUCT_BUNDLE_IDENTIFIER = "net.vtourraine.$(PRODUCT_NAME:rfc1034identifier)";
				PRODUCT_NAME = "$(TARGET_NAME)";
				SWIFT_SWIFT3_OBJC_INFERENCE = Off;
				SWIFT_VERSION = 4.0;
			};
			name = Release;
		};
		D7A9994D2058275600A3F668 /* Debug */ = {
			isa = XCBuildConfiguration;
			buildSettings = {
				ASSETCATALOG_COMPILER_APPICON_NAME = "App Icon & Top Shelf Image";
				ASSETCATALOG_COMPILER_LAUNCHIMAGE_NAME = LaunchImage;
				CLANG_ANALYZER_NONNULL = YES;
				CLANG_ANALYZER_NUMBER_OBJECT_CONVERSION = YES_AGGRESSIVE;
				CLANG_CXX_LANGUAGE_STANDARD = "gnu++14";
				CLANG_WARN_DOCUMENTATION_COMMENTS = YES;
				CLANG_WARN_UNGUARDED_AVAILABILITY = YES_AGGRESSIVE;
				CODE_SIGN_STYLE = Automatic;
				DEBUG_INFORMATION_FORMAT = dwarf;
				GCC_C_LANGUAGE_STANDARD = gnu11;
				INFOPLIST_FILE = AcknowExampleTV/Info.plist;
				LD_RUNPATH_SEARCH_PATHS = "$(inherited) @executable_path/Frameworks";
				PRODUCT_BUNDLE_IDENTIFIER = net.vourraine.AcknowExampleTV;
				PRODUCT_NAME = "$(TARGET_NAME)";
				SDKROOT = appletvos;
				SWIFT_ACTIVE_COMPILATION_CONDITIONS = DEBUG;
				SWIFT_VERSION = 4.0;
				TARGETED_DEVICE_FAMILY = 3;
				TVOS_DEPLOYMENT_TARGET = 9.0;
			};
			name = Debug;
		};
		D7A9994E2058275600A3F668 /* Release */ = {
			isa = XCBuildConfiguration;
			buildSettings = {
				ASSETCATALOG_COMPILER_APPICON_NAME = "App Icon & Top Shelf Image";
				ASSETCATALOG_COMPILER_LAUNCHIMAGE_NAME = LaunchImage;
				CLANG_ANALYZER_NONNULL = YES;
				CLANG_ANALYZER_NUMBER_OBJECT_CONVERSION = YES_AGGRESSIVE;
				CLANG_CXX_LANGUAGE_STANDARD = "gnu++14";
				CLANG_WARN_DOCUMENTATION_COMMENTS = YES;
				CLANG_WARN_UNGUARDED_AVAILABILITY = YES_AGGRESSIVE;
				CODE_SIGN_STYLE = Automatic;
				GCC_C_LANGUAGE_STANDARD = gnu11;
				INFOPLIST_FILE = AcknowExampleTV/Info.plist;
				LD_RUNPATH_SEARCH_PATHS = "$(inherited) @executable_path/Frameworks";
				PRODUCT_BUNDLE_IDENTIFIER = net.vourraine.AcknowExampleTV;
				PRODUCT_NAME = "$(TARGET_NAME)";
				SDKROOT = appletvos;
				SWIFT_VERSION = 4.0;
				TARGETED_DEVICE_FAMILY = 3;
				TVOS_DEPLOYMENT_TARGET = 9.0;
			};
			name = Release;
		};
/* End XCBuildConfiguration section */

/* Begin XCConfigurationList section */
		1F6C52A21B7F495700B9A7CC /* Build configuration list for PBXProject "AcknowExample" */ = {
			isa = XCConfigurationList;
			buildConfigurations = (
				1F6C52C41B7F495700B9A7CC /* Debug */,
				1F6C52C51B7F495700B9A7CC /* Release */,
			);
			defaultConfigurationIsVisible = 0;
			defaultConfigurationName = Release;
		};
		1F6C52C61B7F495700B9A7CC /* Build configuration list for PBXNativeTarget "AcknowExample" */ = {
			isa = XCConfigurationList;
			buildConfigurations = (
				1F6C52C71B7F495700B9A7CC /* Debug */,
				1F6C52C81B7F495700B9A7CC /* Release */,
			);
			defaultConfigurationIsVisible = 0;
			defaultConfigurationName = Release;
		};
		D7A9994F2058275600A3F668 /* Build configuration list for PBXNativeTarget "AcknowExampleTV" */ = {
			isa = XCConfigurationList;
			buildConfigurations = (
				D7A9994D2058275600A3F668 /* Debug */,
				D7A9994E2058275600A3F668 /* Release */,
			);
			defaultConfigurationIsVisible = 0;
			defaultConfigurationName = Release;
		};
/* End XCConfigurationList section */
	};
	rootObject = 1F6C529F1B7F495700B9A7CC /* Project object */;
}
