// !$*UTF8*$!
{
	archiveVersion = 1;
	classes = {
	};
	objectVersion = 46;
	objects = {

/* Begin PBXBuildFile section */
		1420A2E41CAEC92200D98F9C /* AcknowLocalizationTests.swift in Sources */ = {isa = PBXBuildFile; fileRef = 1420A2E31CAEC92200D98F9C /* AcknowLocalizationTests.swift */; };
		1A7421751CAC3685007E44FD /* AcknowListViewControllerTests.swift in Sources */ = {isa = PBXBuildFile; fileRef = 1A7421721CAC3685007E44FD /* AcknowListViewControllerTests.swift */; };
		1A7421761CAC3685007E44FD /* AcknowParserTests.swift in Sources */ = {isa = PBXBuildFile; fileRef = 1A7421731CAC3685007E44FD /* AcknowParserTests.swift */; };
		1A7421771CAC3685007E44FD /* AcknowViewControllerTests.swift in Sources */ = {isa = PBXBuildFile; fileRef = 1A7421741CAC3685007E44FD /* AcknowViewControllerTests.swift */; };
		1AA3C37F1CAC35190071A7FD /* AcknowList.framework in Frameworks */ = {isa = PBXBuildFile; fileRef = 1AA3C3741CAC35190071A7FD /* AcknowList.framework */; };
		32A5DE4325C7DD3D00ED11BB /* AcknowParser.swift in Sources */ = {isa = PBXBuildFile; fileRef = 32A5DE3C25C7DD3D00ED11BB /* AcknowParser.swift */; };
		32A5DE4425C7DD3D00ED11BB /* Acknow.swift in Sources */ = {isa = PBXBuildFile; fileRef = 32A5DE3D25C7DD3D00ED11BB /* Acknow.swift */; };
		32A5DE4525C7DD3D00ED11BB /* AcknowViewController.swift in Sources */ = {isa = PBXBuildFile; fileRef = 32A5DE3E25C7DD3D00ED11BB /* AcknowViewController.swift */; };
		32A5DE4625C7DD3D00ED11BB /* AcknowListViewController.swift in Sources */ = {isa = PBXBuildFile; fileRef = 32A5DE3F25C7DD3D00ED11BB /* AcknowListViewController.swift */; };
		32A5DE4825C7DD3D00ED11BB /* AcknowLocalization.swift in Sources */ = {isa = PBXBuildFile; fileRef = 32A5DE4125C7DD3D00ED11BB /* AcknowLocalization.swift */; };
		503E61E9212997CE00322F6C /* Pods-acknowledgements-RegexTesting.plist in Resources */ = {isa = PBXBuildFile; fileRef = 503E61E8212997CD00322F6C /* Pods-acknowledgements-RegexTesting.plist */; };
		BB818EA02B62B72F0057B23E /* AcknowListURL.swift in Sources */ = {isa = PBXBuildFile; fileRef = BB818E9F2B62B72F0057B23E /* AcknowListURL.swift */; };
		BB8545732B227D39001BF421 /* GitHubAPI.swift in Sources */ = {isa = PBXBuildFile; fileRef = BB8545722B227D39001BF421 /* GitHubAPI.swift */; };
		BB8545752B227D49001BF421 /* GitHubAPITests.swift in Sources */ = {isa = PBXBuildFile; fileRef = BB8545742B227D49001BF421 /* GitHubAPITests.swift */; };
		D70473D225CC4DB0004F2BEC /* Pods-acknowledgements.plist in Resources */ = {isa = PBXBuildFile; fileRef = D70473D125CC4DB0004F2BEC /* Pods-acknowledgements.plist */; };
		D70473E525CC530E004F2BEC /* AcknowListTestsHelpers.swift in Sources */ = {isa = PBXBuildFile; fileRef = D70473E425CC530E004F2BEC /* AcknowListTestsHelpers.swift */; };
		D705FE2B268A0B0600B501D7 /* AcknowList.docc in Sources */ = {isa = PBXBuildFile; fileRef = D705FE2A268A0B0600B501D7 /* AcknowList.docc */; };
		D70B427D212B2916007B6A81 /* RegexTesting-GroundTruth-Alamofire.txt in Resources */ = {isa = PBXBuildFile; fileRef = D70B427C212B2916007B6A81 /* RegexTesting-GroundTruth-Alamofire.txt */; };
		D70B427F212B2941007B6A81 /* RegexTesting-GroundTruth-Charts.txt in Resources */ = {isa = PBXBuildFile; fileRef = D70B427E212B2941007B6A81 /* RegexTesting-GroundTruth-Charts.txt */; };
		D70B4281212B295B007B6A81 /* RegexTesting-GroundTruth-TPKeyboardAvoiding.txt in Resources */ = {isa = PBXBuildFile; fileRef = D70B4280212B295B007B6A81 /* RegexTesting-GroundTruth-TPKeyboardAvoiding.txt */; };
		D70B4283212B2970007B6A81 /* RegexTesting-GroundTruth-TYPFontAwesome.txt in Resources */ = {isa = PBXBuildFile; fileRef = D70B4282212B2970007B6A81 /* RegexTesting-GroundTruth-TYPFontAwesome.txt */; };
		D70B4285212B2988007B6A81 /* RegexTesting-GroundTruth-pop.txt in Resources */ = {isa = PBXBuildFile; fileRef = D70B4284212B2988007B6A81 /* RegexTesting-GroundTruth-pop.txt */; };
		D738F2AE2640342B001BA008 /* AcknowListSwiftUI.swift in Sources */ = {isa = PBXBuildFile; fileRef = D738F2AD2640342B001BA008 /* AcknowListSwiftUI.swift */; };
		D7527EE425CAFDB000378FB8 /* Localizable.strings in Resources */ = {isa = PBXBuildFile; fileRef = D7527EE225CAFDB000378FB8 /* Localizable.strings */; };
		D78335EF2628934800A380A3 /* AcknowSwiftUI.swift in Sources */ = {isa = PBXBuildFile; fileRef = D78335EE2628934800A380A3 /* AcknowSwiftUI.swift */; };
		D7A68B452833C2C90064C2C0 /* AcknowList.swift in Sources */ = {isa = PBXBuildFile; fileRef = D7A68B442833C2C90064C2C0 /* AcknowList.swift */; };
		D7A68B482833C2D30064C2C0 /* AcknowPodDecoder.swift in Sources */ = {isa = PBXBuildFile; fileRef = D7A68B462833C2D30064C2C0 /* AcknowPodDecoder.swift */; };
		D7A68B492833C2D30064C2C0 /* AcknowPackageDecoder.swift in Sources */ = {isa = PBXBuildFile; fileRef = D7A68B472833C2D30064C2C0 /* AcknowPackageDecoder.swift */; };
		D7CCBD131D22624B0013F696 /* Pods-acknowledgements-multi.plist in Resources */ = {isa = PBXBuildFile; fileRef = D7CCBD121D22624B0013F696 /* Pods-acknowledgements-multi.plist */; };
/* End PBXBuildFile section */

/* Begin PBXContainerItemProxy section */
		1AA3C3801CAC35190071A7FD /* PBXContainerItemProxy */ = {
			isa = PBXContainerItemProxy;
			containerPortal = 1AA3C36B1CAC35190071A7FD /* Project object */;
			proxyType = 1;
			remoteGlobalIDString = 1AA3C3731CAC35190071A7FD;
			remoteInfo = AcknowList;
		};
/* End PBXContainerItemProxy section */

/* Begin PBXFileReference section */
		1420A2E31CAEC92200D98F9C /* AcknowLocalizationTests.swift */ = {isa = PBXFileReference; fileEncoding = 4; lastKnownFileType = sourcecode.swift; path = AcknowLocalizationTests.swift; sourceTree = "<group>"; };
		1A7421721CAC3685007E44FD /* AcknowListViewControllerTests.swift */ = {isa = PBXFileReference; fileEncoding = 4; lastKnownFileType = sourcecode.swift; path = AcknowListViewControllerTests.swift; sourceTree = "<group>"; };
		1A7421731CAC3685007E44FD /* AcknowParserTests.swift */ = {isa = PBXFileReference; fileEncoding = 4; lastKnownFileType = sourcecode.swift; path = AcknowParserTests.swift; sourceTree = "<group>"; };
		1A7421741CAC3685007E44FD /* AcknowViewControllerTests.swift */ = {isa = PBXFileReference; fileEncoding = 4; lastKnownFileType = sourcecode.swift; path = AcknowViewControllerTests.swift; sourceTree = "<group>"; };
		1AA3C3741CAC35190071A7FD /* AcknowList.framework */ = {isa = PBXFileReference; explicitFileType = wrapper.framework; includeInIndex = 0; path = AcknowList.framework; sourceTree = BUILT_PRODUCTS_DIR; };
		1AA3C37E1CAC35190071A7FD /* AcknowListTests.xctest */ = {isa = PBXFileReference; explicitFileType = wrapper.cfbundle; includeInIndex = 0; path = AcknowListTests.xctest; sourceTree = BUILT_PRODUCTS_DIR; };
		1AA3C3851CAC35190071A7FD /* Info.plist */ = {isa = PBXFileReference; lastKnownFileType = text.plist.xml; path = Info.plist; sourceTree = "<group>"; };
		32A5DE3C25C7DD3D00ED11BB /* AcknowParser.swift */ = {isa = PBXFileReference; fileEncoding = 4; lastKnownFileType = sourcecode.swift; path = AcknowParser.swift; sourceTree = "<group>"; };
		32A5DE3D25C7DD3D00ED11BB /* Acknow.swift */ = {isa = PBXFileReference; fileEncoding = 4; lastKnownFileType = sourcecode.swift; path = Acknow.swift; sourceTree = "<group>"; };
		32A5DE3E25C7DD3D00ED11BB /* AcknowViewController.swift */ = {isa = PBXFileReference; fileEncoding = 4; lastKnownFileType = sourcecode.swift; path = AcknowViewController.swift; sourceTree = "<group>"; };
		32A5DE3F25C7DD3D00ED11BB /* AcknowListViewController.swift */ = {isa = PBXFileReference; fileEncoding = 4; lastKnownFileType = sourcecode.swift; path = AcknowListViewController.swift; sourceTree = "<group>"; };
		32A5DE4125C7DD3D00ED11BB /* AcknowLocalization.swift */ = {isa = PBXFileReference; fileEncoding = 4; lastKnownFileType = sourcecode.swift; path = AcknowLocalization.swift; sourceTree = "<group>"; };
		32A5DE5225C7E2FB00ED11BB /* Info.plist */ = {isa = PBXFileReference; lastKnownFileType = text.plist.xml; path = Info.plist; sourceTree = SOURCE_ROOT; };
		503E61E8212997CD00322F6C /* Pods-acknowledgements-RegexTesting.plist */ = {isa = PBXFileReference; fileEncoding = 4; lastKnownFileType = text.plist.xml; path = "Pods-acknowledgements-RegexTesting.plist"; sourceTree = "<group>"; };
		BB818E9F2B62B72F0057B23E /* AcknowListURL.swift */ = {isa = PBXFileReference; fileEncoding = 4; lastKnownFileType = sourcecode.swift; path = AcknowListURL.swift; sourceTree = "<group>"; };
		BB8545722B227D39001BF421 /* GitHubAPI.swift */ = {isa = PBXFileReference; fileEncoding = 4; lastKnownFileType = sourcecode.swift; path = GitHubAPI.swift; sourceTree = "<group>"; };
		BB8545742B227D49001BF421 /* GitHubAPITests.swift */ = {isa = PBXFileReference; fileEncoding = 4; lastKnownFileType = sourcecode.swift; path = GitHubAPITests.swift; sourceTree = "<group>"; };
		D70473D125CC4DB0004F2BEC /* Pods-acknowledgements.plist */ = {isa = PBXFileReference; fileEncoding = 4; lastKnownFileType = text.plist.xml; path = "Pods-acknowledgements.plist"; sourceTree = "<group>"; };
		D70473E425CC530E004F2BEC /* AcknowListTestsHelpers.swift */ = {isa = PBXFileReference; fileEncoding = 4; lastKnownFileType = sourcecode.swift; path = AcknowListTestsHelpers.swift; sourceTree = "<group>"; };
		D705FE2A268A0B0600B501D7 /* AcknowList.docc */ = {isa = PBXFileReference; lastKnownFileType = folder.documentationcatalog; path = AcknowList.docc; sourceTree = "<group>"; };
		D70B427C212B2916007B6A81 /* RegexTesting-GroundTruth-Alamofire.txt */ = {isa = PBXFileReference; lastKnownFileType = text; path = "RegexTesting-GroundTruth-Alamofire.txt"; sourceTree = "<group>"; };
		D70B427E212B2941007B6A81 /* RegexTesting-GroundTruth-Charts.txt */ = {isa = PBXFileReference; lastKnownFileType = text; path = "RegexTesting-GroundTruth-Charts.txt"; sourceTree = "<group>"; };
		D70B4280212B295B007B6A81 /* RegexTesting-GroundTruth-TPKeyboardAvoiding.txt */ = {isa = PBXFileReference; lastKnownFileType = text; path = "RegexTesting-GroundTruth-TPKeyboardAvoiding.txt"; sourceTree = "<group>"; };
		D70B4282212B2970007B6A81 /* RegexTesting-GroundTruth-TYPFontAwesome.txt */ = {isa = PBXFileReference; lastKnownFileType = text; path = "RegexTesting-GroundTruth-TYPFontAwesome.txt"; sourceTree = "<group>"; };
		D70B4284212B2988007B6A81 /* RegexTesting-GroundTruth-pop.txt */ = {isa = PBXFileReference; lastKnownFileType = text; path = "RegexTesting-GroundTruth-pop.txt"; sourceTree = "<group>"; };
		D738F2AD2640342B001BA008 /* AcknowListSwiftUI.swift */ = {isa = PBXFileReference; lastKnownFileType = sourcecode.swift; path = AcknowListSwiftUI.swift; sourceTree = "<group>"; };
		D7527EE325CAFDB000378FB8 /* Base */ = {isa = PBXFileReference; lastKnownFileType = text.plist.strings; name = Base; path = Base.lproj/Localizable.strings; sourceTree = "<group>"; };
		D7527EE725CAFDBA00378FB8 /* da */ = {isa = PBXFileReference; lastKnownFileType = text.plist.strings; name = da; path = da.lproj/Localizable.strings; sourceTree = "<group>"; };
		D7527EE825CAFDC600378FB8 /* de */ = {isa = PBXFileReference; lastKnownFileType = text.plist.strings; name = de; path = de.lproj/Localizable.strings; sourceTree = "<group>"; };
		D7527EE925CAFDCC00378FB8 /* en */ = {isa = PBXFileReference; lastKnownFileType = text.plist.strings; name = en; path = en.lproj/Localizable.strings; sourceTree = "<group>"; };
		D7527EEA25CAFDD300378FB8 /* es */ = {isa = PBXFileReference; lastKnownFileType = text.plist.strings; name = es; path = es.lproj/Localizable.strings; sourceTree = "<group>"; };
		D7527EEB25CAFDD800378FB8 /* fr */ = {isa = PBXFileReference; lastKnownFileType = text.plist.strings; name = fr; path = fr.lproj/Localizable.strings; sourceTree = "<group>"; };
		D7527EEC25CAFDDE00378FB8 /* it */ = {isa = PBXFileReference; lastKnownFileType = text.plist.strings; name = it; path = it.lproj/Localizable.strings; sourceTree = "<group>"; };
		D7527EED25CAFDE300378FB8 /* ja */ = {isa = PBXFileReference; lastKnownFileType = text.plist.strings; name = ja; path = ja.lproj/Localizable.strings; sourceTree = "<group>"; };
		D7527EEE25CAFDE900378FB8 /* nl */ = {isa = PBXFileReference; lastKnownFileType = text.plist.strings; name = nl; path = nl.lproj/Localizable.strings; sourceTree = "<group>"; };
		D7527EEF25CAFDEE00378FB8 /* pt-BR */ = {isa = PBXFileReference; lastKnownFileType = text.plist.strings; name = "pt-BR"; path = "pt-BR.lproj/Localizable.strings"; sourceTree = "<group>"; };
		D7527EF025CAFDF400378FB8 /* pt-PT */ = {isa = PBXFileReference; lastKnownFileType = text.plist.strings; name = "pt-PT"; path = "pt-PT.lproj/Localizable.strings"; sourceTree = "<group>"; };
		D7527EF125CAFDFA00378FB8 /* sv */ = {isa = PBXFileReference; lastKnownFileType = text.plist.strings; name = sv; path = sv.lproj/Localizable.strings; sourceTree = "<group>"; };
		D7527EF225CAFE0000378FB8 /* zh-Hans */ = {isa = PBXFileReference; lastKnownFileType = text.plist.strings; name = "zh-Hans"; path = "zh-Hans.lproj/Localizable.strings"; sourceTree = "<group>"; };
		D7527EF325CAFE0700378FB8 /* zh-Hant */ = {isa = PBXFileReference; lastKnownFileType = text.plist.strings; name = "zh-Hant"; path = "zh-Hant.lproj/Localizable.strings"; sourceTree = "<group>"; };
		D78335EE2628934800A380A3 /* AcknowSwiftUI.swift */ = {isa = PBXFileReference; lastKnownFileType = sourcecode.swift; path = AcknowSwiftUI.swift; sourceTree = "<group>"; };
		D7A68B442833C2C90064C2C0 /* AcknowList.swift */ = {isa = PBXFileReference; fileEncoding = 4; lastKnownFileType = sourcecode.swift; path = AcknowList.swift; sourceTree = "<group>"; };
		D7A68B462833C2D30064C2C0 /* AcknowPodDecoder.swift */ = {isa = PBXFileReference; fileEncoding = 4; lastKnownFileType = sourcecode.swift; path = AcknowPodDecoder.swift; sourceTree = "<group>"; };
		D7A68B472833C2D30064C2C0 /* AcknowPackageDecoder.swift */ = {isa = PBXFileReference; fileEncoding = 4; lastKnownFileType = sourcecode.swift; path = AcknowPackageDecoder.swift; sourceTree = "<group>"; };
		D7CCBD121D22624B0013F696 /* Pods-acknowledgements-multi.plist */ = {isa = PBXFileReference; fileEncoding = 4; lastKnownFileType = text.plist.xml; path = "Pods-acknowledgements-multi.plist"; sourceTree = "<group>"; };
/* End PBXFileReference section */

/* Begin PBXFrameworksBuildPhase section */
		1AA3C3701CAC35190071A7FD /* Frameworks */ = {
			isa = PBXFrameworksBuildPhase;
			buildActionMask = 2147483647;
			files = (
			);
			runOnlyForDeploymentPostprocessing = 0;
		};
		1AA3C37B1CAC35190071A7FD /* Frameworks */ = {
			isa = PBXFrameworksBuildPhase;
			buildActionMask = 2147483647;
			files = (
				1AA3C37F1CAC35190071A7FD /* AcknowList.framework in Frameworks */,
			);
			runOnlyForDeploymentPostprocessing = 0;
		};
/* End PBXFrameworksBuildPhase section */

/* Begin PBXGroup section */
		1AA3C36A1CAC35190071A7FD = {
			isa = PBXGroup;
			children = (
				1AA3C3761CAC35190071A7FD /* AcknowList */,
				1AA3C3821CAC35190071A7FD /* AcknowListTests */,
				1AA3C3751CAC35190071A7FD /* Products */,
			);
			sourceTree = "<group>";
		};
		1AA3C3751CAC35190071A7FD /* Products */ = {
			isa = PBXGroup;
			children = (
				1AA3C3741CAC35190071A7FD /* AcknowList.framework */,
				1AA3C37E1CAC35190071A7FD /* AcknowListTests.xctest */,
			);
			name = Products;
			sourceTree = "<group>";
		};
		1AA3C3761CAC35190071A7FD /* AcknowList */ = {
			isa = PBXGroup;
			children = (
				32A5DE3925C7DD3D00ED11BB /* Sources */,
				1AD73B941CAC3CE60084F8CA /* Supporting Files */,
			);
			name = AcknowList;
			path = Sources;
			sourceTree = "<group>";
		};
		1AA3C3821CAC35190071A7FD /* AcknowListTests */ = {
			isa = PBXGroup;
			children = (
				D70473E425CC530E004F2BEC /* AcknowListTestsHelpers.swift */,
				1A7421721CAC3685007E44FD /* AcknowListViewControllerTests.swift */,
				1420A2E31CAEC92200D98F9C /* AcknowLocalizationTests.swift */,
				1A7421731CAC3685007E44FD /* AcknowParserTests.swift */,
				1A7421741CAC3685007E44FD /* AcknowViewControllerTests.swift */,
				BB8545742B227D49001BF421 /* GitHubAPITests.swift */,
				D70B4286212B2EFF007B6A81 /* Resources */,
				1AD73B8F1CAC3AEB0084F8CA /* Supporting Files */,
			);
			name = AcknowListTests;
			path = Tests/AcknowListTests;
			sourceTree = "<group>";
		};
		1AD73B8F1CAC3AEB0084F8CA /* Supporting Files */ = {
			isa = PBXGroup;
			children = (
				1AA3C3851CAC35190071A7FD /* Info.plist */,
			);
			name = "Supporting Files";
			sourceTree = "<group>";
		};
		1AD73B941CAC3CE60084F8CA /* Supporting Files */ = {
			isa = PBXGroup;
			children = (
				32A5DE5225C7E2FB00ED11BB /* Info.plist */,
			);
			name = "Supporting Files";
			sourceTree = "<group>";
		};
		32A5DE3925C7DD3D00ED11BB /* Sources */ = {
			isa = PBXGroup;
			children = (
				32A5DE3A25C7DD3D00ED11BB /* Resources */,
				32A5DE3D25C7DD3D00ED11BB /* Acknow.swift */,
				D7A68B442833C2C90064C2C0 /* AcknowList.swift */,
				D738F2AD2640342B001BA008 /* AcknowListSwiftUI.swift */,
				32A5DE3F25C7DD3D00ED11BB /* AcknowListViewController.swift */,
				32A5DE4125C7DD3D00ED11BB /* AcknowLocalization.swift */,
				D7A68B472833C2D30064C2C0 /* AcknowPackageDecoder.swift */,
				32A5DE3C25C7DD3D00ED11BB /* AcknowParser.swift */,
				D7A68B462833C2D30064C2C0 /* AcknowPodDecoder.swift */,
				D78335EE2628934800A380A3 /* AcknowSwiftUI.swift */,
				32A5DE3E25C7DD3D00ED11BB /* AcknowViewController.swift */,
				BB818E9F2B62B72F0057B23E /* AcknowListURL.swift */,
				BB8545722B227D39001BF421 /* GitHubAPI.swift */,
				D705FE2A268A0B0600B501D7 /* AcknowList.docc */,
			);
			name = Sources;
			path = Sources/AcknowList;
			sourceTree = SOURCE_ROOT;
		};
		32A5DE3A25C7DD3D00ED11BB /* Resources */ = {
			isa = PBXGroup;
			children = (
				D7527EE225CAFDB000378FB8 /* Localizable.strings */,
			);
			path = Resources;
			sourceTree = "<group>";
		};
		D70B4286212B2EFF007B6A81 /* Resources */ = {
			isa = PBXGroup;
			children = (
				D70473D125CC4DB0004F2BEC /* Pods-acknowledgements.plist */,
				D7CCBD121D22624B0013F696 /* Pods-acknowledgements-multi.plist */,
				503E61E8212997CD00322F6C /* Pods-acknowledgements-RegexTesting.plist */,
				D70B427C212B2916007B6A81 /* RegexTesting-GroundTruth-Alamofire.txt */,
				D70B427E212B2941007B6A81 /* RegexTesting-GroundTruth-Charts.txt */,
				D70B4280212B295B007B6A81 /* RegexTesting-GroundTruth-TPKeyboardAvoiding.txt */,
				D70B4282212B2970007B6A81 /* RegexTesting-GroundTruth-TYPFontAwesome.txt */,
				D70B4284212B2988007B6A81 /* RegexTesting-GroundTruth-pop.txt */,
			);
			path = Resources;
			sourceTree = "<group>";
		};
/* End PBXGroup section */

/* Begin PBXHeadersBuildPhase section */
		1AA3C3711CAC35190071A7FD /* Headers */ = {
			isa = PBXHeadersBuildPhase;
			buildActionMask = 2147483647;
			files = (
			);
			runOnlyForDeploymentPostprocessing = 0;
		};
/* End PBXHeadersBuildPhase section */

/* Begin PBXNativeTarget section */
		1AA3C3731CAC35190071A7FD /* AcknowList */ = {
			isa = PBXNativeTarget;
			buildConfigurationList = 1AA3C3881CAC35190071A7FD /* Build configuration list for PBXNativeTarget "AcknowList" */;
			buildPhases = (
				1AA3C36F1CAC35190071A7FD /* Sources */,
				1AA3C3701CAC35190071A7FD /* Frameworks */,
				1AA3C3711CAC35190071A7FD /* Headers */,
				1AA3C3721CAC35190071A7FD /* Resources */,
			);
			buildRules = (
			);
			dependencies = (
			);
			name = AcknowList;
			productName = AcknowList;
			productReference = 1AA3C3741CAC35190071A7FD /* AcknowList.framework */;
			productType = "com.apple.product-type.framework";
		};
		1AA3C37D1CAC35190071A7FD /* AcknowListTests */ = {
			isa = PBXNativeTarget;
			buildConfigurationList = 1AA3C38B1CAC35190071A7FD /* Build configuration list for PBXNativeTarget "AcknowListTests" */;
			buildPhases = (
				1AA3C37A1CAC35190071A7FD /* Sources */,
				1AA3C37B1CAC35190071A7FD /* Frameworks */,
				1AA3C37C1CAC35190071A7FD /* Resources */,
			);
			buildRules = (
			);
			dependencies = (
				1AA3C3811CAC35190071A7FD /* PBXTargetDependency */,
			);
			name = AcknowListTests;
			productName = AcknowListTests;
			productReference = 1AA3C37E1CAC35190071A7FD /* AcknowListTests.xctest */;
			productType = "com.apple.product-type.bundle.unit-test";
		};
/* End PBXNativeTarget section */

/* Begin PBXProject section */
		1AA3C36B1CAC35190071A7FD /* Project object */ = {
			isa = PBXProject;
			attributes = {
				LastSwiftUpdateCheck = 0730;
				LastUpgradeCheck = 1320;
				ORGANIZATIONNAME = VTourraine;
				TargetAttributes = {
					1AA3C3731CAC35190071A7FD = {
						CreatedOnToolsVersion = 7.3;
						LastSwiftMigration = 1000;
					};
					1AA3C37D1CAC35190071A7FD = {
						CreatedOnToolsVersion = 7.3;
						LastSwiftMigration = 1000;
					};
				};
			};
			buildConfigurationList = 1AA3C36E1CAC35190071A7FD /* Build configuration list for PBXProject "AcknowList" */;
			compatibilityVersion = "Xcode 3.2";
			developmentRegion = en;
			hasScannedForEncodings = 0;
			knownRegions = (
				en,
				Base,
				"zh-Hant",
				"pt-PT",
				da,
				nl,
				"zh-Hans",
				ja,
				it,
				de,
				es,
				fr,
				sv,
				"pt-BR",
			);
			mainGroup = 1AA3C36A1CAC35190071A7FD;
			productRefGroup = 1AA3C3751CAC35190071A7FD /* Products */;
			projectDirPath = "";
			projectRoot = "";
			targets = (
				1AA3C3731CAC35190071A7FD /* AcknowList */,
				1AA3C37D1CAC35190071A7FD /* AcknowListTests */,
			);
		};
/* End PBXProject section */

/* Begin PBXResourcesBuildPhase section */
		1AA3C3721CAC35190071A7FD /* Resources */ = {
			isa = PBXResourcesBuildPhase;
			buildActionMask = 2147483647;
			files = (
				D7527EE425CAFDB000378FB8 /* Localizable.strings in Resources */,
			);
			runOnlyForDeploymentPostprocessing = 0;
		};
		1AA3C37C1CAC35190071A7FD /* Resources */ = {
			isa = PBXResourcesBuildPhase;
			buildActionMask = 2147483647;
			files = (
				D70B427D212B2916007B6A81 /* RegexTesting-GroundTruth-Alamofire.txt in Resources */,
				503E61E9212997CE00322F6C /* Pods-acknowledgements-RegexTesting.plist in Resources */,
				D70B427F212B2941007B6A81 /* RegexTesting-GroundTruth-Charts.txt in Resources */,
				D70473D225CC4DB0004F2BEC /* Pods-acknowledgements.plist in Resources */,
				D70B4283212B2970007B6A81 /* RegexTesting-GroundTruth-TYPFontAwesome.txt in Resources */,
				D7CCBD131D22624B0013F696 /* Pods-acknowledgements-multi.plist in Resources */,
				D70B4281212B295B007B6A81 /* RegexTesting-GroundTruth-TPKeyboardAvoiding.txt in Resources */,
				D70B4285212B2988007B6A81 /* RegexTesting-GroundTruth-pop.txt in Resources */,
			);
			runOnlyForDeploymentPostprocessing = 0;
		};
/* End PBXResourcesBuildPhase section */

/* Begin PBXSourcesBuildPhase section */
		1AA3C36F1CAC35190071A7FD /* Sources */ = {
			isa = PBXSourcesBuildPhase;
			buildActionMask = 2147483647;
			files = (
				32A5DE4525C7DD3D00ED11BB /* AcknowViewController.swift in Sources */,
				32A5DE4825C7DD3D00ED11BB /* AcknowLocalization.swift in Sources */,
				32A5DE4425C7DD3D00ED11BB /* Acknow.swift in Sources */,
				32A5DE4325C7DD3D00ED11BB /* AcknowParser.swift in Sources */,
				32A5DE4625C7DD3D00ED11BB /* AcknowListViewController.swift in Sources */,
				D7A68B482833C2D30064C2C0 /* AcknowPodDecoder.swift in Sources */,
				D705FE2B268A0B0600B501D7 /* AcknowList.docc in Sources */,
				BB8545732B227D39001BF421 /* GitHubAPI.swift in Sources */,
				D738F2AE2640342B001BA008 /* AcknowListSwiftUI.swift in Sources */,
				BB818EA02B62B72F0057B23E /* AcknowListURL.swift in Sources */,
				D7A68B452833C2C90064C2C0 /* AcknowList.swift in Sources */,
				D7A68B492833C2D30064C2C0 /* AcknowPackageDecoder.swift in Sources */,
				D78335EF2628934800A380A3 /* AcknowSwiftUI.swift in Sources */,
			);
			runOnlyForDeploymentPostprocessing = 0;
		};
		1AA3C37A1CAC35190071A7FD /* Sources */ = {
			isa = PBXSourcesBuildPhase;
			buildActionMask = 2147483647;
			files = (
				1A7421771CAC3685007E44FD /* AcknowViewControllerTests.swift in Sources */,
				1A7421751CAC3685007E44FD /* AcknowListViewControllerTests.swift in Sources */,
				D70473E525CC530E004F2BEC /* AcknowListTestsHelpers.swift in Sources */,
				BB8545752B227D49001BF421 /* GitHubAPITests.swift in Sources */,
				1A7421761CAC3685007E44FD /* AcknowParserTests.swift in Sources */,
				1420A2E41CAEC92200D98F9C /* AcknowLocalizationTests.swift in Sources */,
			);
			runOnlyForDeploymentPostprocessing = 0;
		};
/* End PBXSourcesBuildPhase section */

/* Begin PBXTargetDependency section */
		1AA3C3811CAC35190071A7FD /* PBXTargetDependency */ = {
			isa = PBXTargetDependency;
			target = 1AA3C3731CAC35190071A7FD /* AcknowList */;
			targetProxy = 1AA3C3801CAC35190071A7FD /* PBXContainerItemProxy */;
		};
/* End PBXTargetDependency section */

/* Begin PBXVariantGroup section */
		D7527EE225CAFDB000378FB8 /* Localizable.strings */ = {
			isa = PBXVariantGroup;
			children = (
				D7527EE325CAFDB000378FB8 /* Base */,
				D7527EE725CAFDBA00378FB8 /* da */,
				D7527EE825CAFDC600378FB8 /* de */,
				D7527EE925CAFDCC00378FB8 /* en */,
				D7527EEA25CAFDD300378FB8 /* es */,
				D7527EEB25CAFDD800378FB8 /* fr */,
				D7527EEC25CAFDDE00378FB8 /* it */,
				D7527EED25CAFDE300378FB8 /* ja */,
				D7527EEE25CAFDE900378FB8 /* nl */,
				D7527EEF25CAFDEE00378FB8 /* pt-BR */,
				D7527EF025CAFDF400378FB8 /* pt-PT */,
				D7527EF125CAFDFA00378FB8 /* sv */,
				D7527EF225CAFE0000378FB8 /* zh-Hans */,
				D7527EF325CAFE0700378FB8 /* zh-Hant */,
			);
			name = Localizable.strings;
			sourceTree = "<group>";
		};
/* End PBXVariantGroup section */

/* Begin XCBuildConfiguration section */
		1AA3C3861CAC35190071A7FD /* Debug */ = {
			isa = XCBuildConfiguration;
			buildSettings = {
				ALLOW_TARGET_PLATFORM_SPECIALIZATION = YES;
				ALWAYS_SEARCH_USER_PATHS = NO;
				CLANG_ANALYZER_LOCALIZABILITY_NONLOCALIZED = YES;
				CLANG_ANALYZER_NONNULL = YES;
				CLANG_CXX_LANGUAGE_STANDARD = "gnu++0x";
				CLANG_CXX_LIBRARY = "libc++";
				CLANG_ENABLE_MODULES = YES;
				CLANG_ENABLE_OBJC_ARC = YES;
				CLANG_WARN_BLOCK_CAPTURE_AUTORELEASING = YES;
				CLANG_WARN_BOOL_CONVERSION = YES;
				CLANG_WARN_COMMA = YES;
				CLANG_WARN_CONSTANT_CONVERSION = YES;
				CLANG_WARN_DEPRECATED_OBJC_IMPLEMENTATIONS = YES;
				CLANG_WARN_DIRECT_OBJC_ISA_USAGE = YES_ERROR;
				CLANG_WARN_EMPTY_BODY = YES;
				CLANG_WARN_ENUM_CONVERSION = YES;
				CLANG_WARN_INFINITE_RECURSION = YES;
				CLANG_WARN_INT_CONVERSION = YES;
				CLANG_WARN_NON_LITERAL_NULL_CONVERSION = YES;
				CLANG_WARN_OBJC_IMPLICIT_RETAIN_SELF = YES;
				CLANG_WARN_OBJC_LITERAL_CONVERSION = YES;
				CLANG_WARN_OBJC_ROOT_CLASS = YES_ERROR;
				CLANG_WARN_QUOTED_INCLUDE_IN_FRAMEWORK_HEADER = YES;
				CLANG_WARN_RANGE_LOOP_ANALYSIS = YES;
				CLANG_WARN_STRICT_PROTOTYPES = YES;
				CLANG_WARN_SUSPICIOUS_MOVE = YES;
				CLANG_WARN_UNREACHABLE_CODE = YES;
				CLANG_WARN__DUPLICATE_METHOD_MATCH = YES;
				"CODE_SIGN_IDENTITY[sdk=iphoneos*]" = "iPhone Developer";
				COPY_PHASE_STRIP = NO;
				CURRENT_PROJECT_VERSION = 1;
				DEBUG_INFORMATION_FORMAT = dwarf;
				ENABLE_STRICT_OBJC_MSGSEND = YES;
				ENABLE_TESTABILITY = YES;
				GCC_C_LANGUAGE_STANDARD = gnu99;
				GCC_DYNAMIC_NO_PIC = NO;
				GCC_NO_COMMON_BLOCKS = YES;
				GCC_OPTIMIZATION_LEVEL = 0;
				GCC_PREPROCESSOR_DEFINITIONS = (
					"DEBUG=1",
					"$(inherited)",
				);
				GCC_WARN_64_TO_32_BIT_CONVERSION = YES;
				GCC_WARN_ABOUT_RETURN_TYPE = YES_ERROR;
				GCC_WARN_UNDECLARED_SELECTOR = YES;
				GCC_WARN_UNINITIALIZED_AUTOS = YES_AGGRESSIVE;
				GCC_WARN_UNUSED_FUNCTION = YES;
				GCC_WARN_UNUSED_VARIABLE = YES;
				IPHONEOS_DEPLOYMENT_TARGET = 9.0;
				MACOSX_DEPLOYMENT_TARGET = 10.15;
				MTL_ENABLE_DEBUG_INFO = YES;
				ONLY_ACTIVE_ARCH = YES;
				SUPPORTED_PLATFORMS = "xrsimulator xros watchsimulator watchos macosx iphonesimulator iphoneos driverkit appletvsimulator appletvos";
				SUPPORTS_MACCATALYST = YES;
				SWIFT_OPTIMIZATION_LEVEL = "-Onone";
				SWIFT_SWIFT3_OBJC_INFERENCE = Off;
				SWIFT_VERSION = 5.0;
				TVOS_DEPLOYMENT_TARGET = 9.0;
				VERSIONING_SYSTEM = "apple-generic";
				VERSION_INFO_PREFIX = "";
				WATCHOS_DEPLOYMENT_TARGET = 7.0;
			};
			name = Debug;
		};
		1AA3C3871CAC35190071A7FD /* Release */ = {
			isa = XCBuildConfiguration;
			buildSettings = {
				ALLOW_TARGET_PLATFORM_SPECIALIZATION = YES;
				ALWAYS_SEARCH_USER_PATHS = NO;
				CLANG_ANALYZER_LOCALIZABILITY_NONLOCALIZED = YES;
				CLANG_ANALYZER_NONNULL = YES;
				CLANG_CXX_LANGUAGE_STANDARD = "gnu++0x";
				CLANG_CXX_LIBRARY = "libc++";
				CLANG_ENABLE_MODULES = YES;
				CLANG_ENABLE_OBJC_ARC = YES;
				CLANG_WARN_BLOCK_CAPTURE_AUTORELEASING = YES;
				CLANG_WARN_BOOL_CONVERSION = YES;
				CLANG_WARN_COMMA = YES;
				CLANG_WARN_CONSTANT_CONVERSION = YES;
				CLANG_WARN_DEPRECATED_OBJC_IMPLEMENTATIONS = YES;
				CLANG_WARN_DIRECT_OBJC_ISA_USAGE = YES_ERROR;
				CLANG_WARN_EMPTY_BODY = YES;
				CLANG_WARN_ENUM_CONVERSION = YES;
				CLANG_WARN_INFINITE_RECURSION = YES;
				CLANG_WARN_INT_CONVERSION = YES;
				CLANG_WARN_NON_LITERAL_NULL_CONVERSION = YES;
				CLANG_WARN_OBJC_IMPLICIT_RETAIN_SELF = YES;
				CLANG_WARN_OBJC_LITERAL_CONVERSION = YES;
				CLANG_WARN_OBJC_ROOT_CLASS = YES_ERROR;
				CLANG_WARN_QUOTED_INCLUDE_IN_FRAMEWORK_HEADER = YES;
				CLANG_WARN_RANGE_LOOP_ANALYSIS = YES;
				CLANG_WARN_STRICT_PROTOTYPES = YES;
				CLANG_WARN_SUSPICIOUS_MOVE = YES;
				CLANG_WARN_UNREACHABLE_CODE = YES;
				CLANG_WARN__DUPLICATE_METHOD_MATCH = YES;
				"CODE_SIGN_IDENTITY[sdk=iphoneos*]" = "iPhone Developer";
				COPY_PHASE_STRIP = NO;
				CURRENT_PROJECT_VERSION = 1;
				DEBUG_INFORMATION_FORMAT = "dwarf-with-dsym";
				ENABLE_NS_ASSERTIONS = NO;
				ENABLE_STRICT_OBJC_MSGSEND = YES;
				GCC_C_LANGUAGE_STANDARD = gnu99;
				GCC_NO_COMMON_BLOCKS = YES;
				GCC_WARN_64_TO_32_BIT_CONVERSION = YES;
				GCC_WARN_ABOUT_RETURN_TYPE = YES_ERROR;
				GCC_WARN_UNDECLARED_SELECTOR = YES;
				GCC_WARN_UNINITIALIZED_AUTOS = YES_AGGRESSIVE;
				GCC_WARN_UNUSED_FUNCTION = YES;
				GCC_WARN_UNUSED_VARIABLE = YES;
				IPHONEOS_DEPLOYMENT_TARGET = 9.0;
				MACOSX_DEPLOYMENT_TARGET = 10.15;
				MTL_ENABLE_DEBUG_INFO = NO;
				SUPPORTED_PLATFORMS = "xrsimulator xros watchsimulator watchos macosx iphonesimulator iphoneos driverkit appletvsimulator appletvos";
				SUPPORTS_MACCATALYST = YES;
				SWIFT_SWIFT3_OBJC_INFERENCE = Off;
				SWIFT_VERSION = 5.0;
				TVOS_DEPLOYMENT_TARGET = 9.0;
				VALIDATE_PRODUCT = YES;
				VERSIONING_SYSTEM = "apple-generic";
				VERSION_INFO_PREFIX = "";
				WATCHOS_DEPLOYMENT_TARGET = 7.0;
			};
			name = Release;
		};
		1AA3C3891CAC35190071A7FD /* Debug */ = {
			isa = XCBuildConfiguration;
			buildSettings = {
				ALLOW_TARGET_PLATFORM_SPECIALIZATION = YES;
				CLANG_ENABLE_MODULES = YES;
				"CODE_SIGN_IDENTITY[sdk=iphoneos*]" = "";
				DEFINES_MODULE = YES;
				DYLIB_COMPATIBILITY_VERSION = 1;
				DYLIB_CURRENT_VERSION = 1;
				DYLIB_INSTALL_NAME_BASE = "@rpath";
				INFOPLIST_FILE = "$(SRCROOT)/Info.plist";
				INSTALL_PATH = "$(LOCAL_LIBRARY_DIR)/Frameworks";
				LD_RUNPATH_SEARCH_PATHS = "$(inherited) @executable_path/Frameworks @loader_path/Frameworks";
				PRODUCT_BUNDLE_IDENTIFIER = net.vtourraine.AcknowList;
				PRODUCT_NAME = "$(TARGET_NAME)";
				SKIP_INSTALL = YES;
				SUPPORTED_PLATFORMS = "xrsimulator xros watchsimulator watchos macosx iphonesimulator iphoneos driverkit appletvsimulator appletvos";
				SUPPORTS_MACCATALYST = YES;
				SWIFT_OPTIMIZATION_LEVEL = "-Onone";
			};
			name = Debug;
		};
		1AA3C38A1CAC35190071A7FD /* Release */ = {
			isa = XCBuildConfiguration;
			buildSettings = {
				ALLOW_TARGET_PLATFORM_SPECIALIZATION = YES;
				CLANG_ENABLE_MODULES = YES;
				"CODE_SIGN_IDENTITY[sdk=iphoneos*]" = "";
				DEFINES_MODULE = YES;
				DYLIB_COMPATIBILITY_VERSION = 1;
				DYLIB_CURRENT_VERSION = 1;
				DYLIB_INSTALL_NAME_BASE = "@rpath";
				INFOPLIST_FILE = "$(SRCROOT)/Info.plist";
				INSTALL_PATH = "$(LOCAL_LIBRARY_DIR)/Frameworks";
				LD_RUNPATH_SEARCH_PATHS = "$(inherited) @executable_path/Frameworks @loader_path/Frameworks";
				PRODUCT_BUNDLE_IDENTIFIER = net.vtourraine.AcknowList;
				PRODUCT_NAME = "$(TARGET_NAME)";
				SKIP_INSTALL = YES;
				SUPPORTED_PLATFORMS = "xrsimulator xros watchsimulator watchos macosx iphonesimulator iphoneos driverkit appletvsimulator appletvos";
				SUPPORTS_MACCATALYST = YES;
				SWIFT_OPTIMIZATION_LEVEL = "-Owholemodule";
			};
			name = Release;
		};
		1AA3C38C1CAC35190071A7FD /* Debug */ = {
			isa = XCBuildConfiguration;
			buildSettings = {
				ALWAYS_EMBED_SWIFT_STANDARD_LIBRARIES = YES;
				CLANG_ENABLE_MODULES = YES;
				INFOPLIST_FILE = "$(SRCROOT)/Info.plist";
				LD_RUNPATH_SEARCH_PATHS = "$(inherited) @executable_path/Frameworks @loader_path/Frameworks";
				PRODUCT_BUNDLE_IDENTIFIER = net.vtourraine.AcknowListTests;
				PRODUCT_NAME = "$(TARGET_NAME)";
				SWIFT_OPTIMIZATION_LEVEL = "-Onone";
			};
			name = Debug;
		};
		1AA3C38D1CAC35190071A7FD /* Release */ = {
			isa = XCBuildConfiguration;
			buildSettings = {
				ALWAYS_EMBED_SWIFT_STANDARD_LIBRARIES = YES;
				CLANG_ENABLE_MODULES = YES;
				INFOPLIST_FILE = "$(SRCROOT)/Info.plist";
				LD_RUNPATH_SEARCH_PATHS = "$(inherited) @executable_path/Frameworks @loader_path/Frameworks";
				PRODUCT_BUNDLE_IDENTIFIER = net.vtourraine.AcknowListTests;
				PRODUCT_NAME = "$(TARGET_NAME)";
				SWIFT_OPTIMIZATION_LEVEL = "-Owholemodule";
			};
			name = Release;
		};
/* End XCBuildConfiguration section */

/* Begin XCConfigurationList section */
		1AA3C36E1CAC35190071A7FD /* Build configuration list for PBXProject "AcknowList" */ = {
			isa = XCConfigurationList;
			buildConfigurations = (
				1AA3C3861CAC35190071A7FD /* Debug */,
				1AA3C3871CAC35190071A7FD /* Release */,
			);
			defaultConfigurationIsVisible = 0;
			defaultConfigurationName = Release;
		};
		1AA3C3881CAC35190071A7FD /* Build configuration list for PBXNativeTarget "AcknowList" */ = {
			isa = XCConfigurationList;
			buildConfigurations = (
				1AA3C3891CAC35190071A7FD /* Debug */,
				1AA3C38A1CAC35190071A7FD /* Release */,
			);
			defaultConfigurationIsVisible = 0;
			defaultConfigurationName = Release;
		};
		1AA3C38B1CAC35190071A7FD /* Build configuration list for PBXNativeTarget "AcknowListTests" */ = {
			isa = XCConfigurationList;
			buildConfigurations = (
				1AA3C38C1CAC35190071A7FD /* Debug */,
				1AA3C38D1CAC35190071A7FD /* Release */,
			);
			defaultConfigurationIsVisible = 0;
			defaultConfigurationName = Release;
		};
/* End XCConfigurationList section */
	};
	rootObject = 1AA3C36B1CAC35190071A7FD /* Project object */;
}
