// !$*UTF8*$!
{
	archiveVersion = 1;
	classes = {
	};
	objectVersion = 54;
	objects = {

/* Begin PBXBuildFile section */
		031D428A2CDA828C00C803B8 /* Package.resolved in Resources */ = {isa = PBXBuildFile; fileRef = 031D42892CDA828C00C803B8 /* Package.resolved */; };
		BB29000228230B37002FF5C4 /* Package-version-1.resolved in Resources */ = {isa = PBXBuildFile; fileRef = BB29000128230B37002FF5C4 /* Package-version-1.resolved */; };
		D7527E2125CADE4E00378FB8 /* AppDelegate.swift in Sources */ = {isa = PBXBuildFile; fileRef = D7527E2025CADE4E00378FB8 /* AppDelegate.swift */; };
		D7527E2325CADE4E00378FB8 /* SceneDelegate.swift in Sources */ = {isa = PBXBuildFile; fileRef = D7527E2225CADE4E00378FB8 /* SceneDelegate.swift */; };
		D7527E2525CADE4E00378FB8 /* ViewController.swift in Sources */ = {isa = PBXBuildFile; fileRef = D7527E2425CADE4E00378FB8 /* ViewController.swift */; };
		D7527E2825CADE4E00378FB8 /* Main.storyboard in Resources */ = {isa = PBXBuildFile; fileRef = D7527E2625CADE4E00378FB8 /* Main.storyboard */; };
		D7527E2A25CADE5000378FB8 /* Assets.xcassets in Resources */ = {isa = PBXBuildFile; fileRef = D7527E2925CADE5000378FB8 /* Assets.xcassets */; };
		D7527E2D25CADE5000378FB8 /* LaunchScreen.storyboard in Resources */ = {isa = PBXBuildFile; fileRef = D7527E2B25CADE5000378FB8 /* LaunchScreen.storyboard */; };
		D7527E3925CADE8800378FB8 /* AcknowList in Frameworks */ = {isa = PBXBuildFile; productRef = D7527E3825CADE8800378FB8 /* AcknowList */; };
/* End PBXBuildFile section */

/* Begin PBXFileReference section */
		031D42892CDA828C00C803B8 /* Package.resolved */ = {isa = PBXFileReference; lastKnownFileType = text; name = Package.resolved; path = "../../../Tests/AcknowListTests/Resources/Package.resolved"; sourceTree = "<group>"; };
		BB29000128230B37002FF5C4 /* Package-version-1.resolved */ = {isa = PBXFileReference; fileEncoding = 4; lastKnownFileType = text; name = "Package-version-1.resolved"; path = "../../../Tests/AcknowListTests/Resources/Package-version-1.resolved"; sourceTree = "<group>"; };
		D7527E1D25CADE4E00378FB8 /* AcknowExampleSPM.app */ = {isa = PBXFileReference; explicitFileType = wrapper.application; includeInIndex = 0; path = AcknowExampleSPM.app; sourceTree = BUILT_PRODUCTS_DIR; };
		D7527E2025CADE4E00378FB8 /* AppDelegate.swift */ = {isa = PBXFileReference; lastKnownFileType = sourcecode.swift; path = AppDelegate.swift; sourceTree = "<group>"; };
		D7527E2225CADE4E00378FB8 /* SceneDelegate.swift */ = {isa = PBXFileReference; lastKnownFileType = sourcecode.swift; path = SceneDelegate.swift; sourceTree = "<group>"; };
		D7527E2425CADE4E00378FB8 /* ViewController.swift */ = {isa = PBXFileReference; lastKnownFileType = sourcecode.swift; path = ViewController.swift; sourceTree = "<group>"; };
		D7527E2725CADE4E00378FB8 /* Base */ = {isa = PBXFileReference; lastKnownFileType = file.storyboard; name = Base; path = Base.lproj/Main.storyboard; sourceTree = "<group>"; };
		D7527E2925CADE5000378FB8 /* Assets.xcassets */ = {isa = PBXFileReference; lastKnownFileType = folder.assetcatalog; path = Assets.xcassets; sourceTree = "<group>"; };
		D7527E2C25CADE5000378FB8 /* Base */ = {isa = PBXFileReference; lastKnownFileType = file.storyboard; name = Base; path = Base.lproj/LaunchScreen.storyboard; sourceTree = "<group>"; };
		D7527E2E25CADE5000378FB8 /* Info.plist */ = {isa = PBXFileReference; lastKnownFileType = text.plist.xml; path = Info.plist; sourceTree = "<group>"; };
		D7527E3525CADE7000378FB8 /* AcknowList-SPM */ = {isa = PBXFileReference; lastKnownFileType = folder; name = "AcknowList-SPM"; path = ../..; sourceTree = "<group>"; };
		D7527E3B25CADF3500378FB8 /* fr */ = {isa = PBXFileReference; lastKnownFileType = text.plist.strings; name = fr; path = fr.lproj/Main.strings; sourceTree = "<group>"; };
		D7527E3C25CADF3500378FB8 /* fr */ = {isa = PBXFileReference; lastKnownFileType = text.plist.strings; name = fr; path = fr.lproj/LaunchScreen.strings; sourceTree = "<group>"; };
/* End PBXFileReference section */

/* Begin PBXFrameworksBuildPhase section */
		D7527E1A25CADE4E00378FB8 /* Frameworks */ = {
			isa = PBXFrameworksBuildPhase;
			buildActionMask = 2147483647;
			files = (
				D7527E3925CADE8800378FB8 /* AcknowList in Frameworks */,
			);
			runOnlyForDeploymentPostprocessing = 0;
		};
/* End PBXFrameworksBuildPhase section */

/* Begin PBXGroup section */
		D7527E1425CADE4E00378FB8 = {
			isa = PBXGroup;
			children = (
				D7527E1F25CADE4E00378FB8 /* AcknowExampleSPM */,
				D7527E1E25CADE4E00378FB8 /* Products */,
				D7527E3525CADE7000378FB8 /* AcknowList-SPM */,
				D7527E3725CADE8800378FB8 /* Frameworks */,
			);
			sourceTree = "<group>";
		};
		D7527E1E25CADE4E00378FB8 /* Products */ = {
			isa = PBXGroup;
			children = (
				D7527E1D25CADE4E00378FB8 /* AcknowExampleSPM.app */,
			);
			name = Products;
			sourceTree = "<group>";
		};
		D7527E1F25CADE4E00378FB8 /* AcknowExampleSPM */ = {
			isa = PBXGroup;
			children = (
				D7527E2025CADE4E00378FB8 /* AppDelegate.swift */,
				D7527E2225CADE4E00378FB8 /* SceneDelegate.swift */,
				D7527E2425CADE4E00378FB8 /* ViewController.swift */,
				D7527E2625CADE4E00378FB8 /* Main.storyboard */,
				D7527E2925CADE5000378FB8 /* Assets.xcassets */,
				D7527E2B25CADE5000378FB8 /* LaunchScreen.storyboard */,
				D7527E2E25CADE5000378FB8 /* Info.plist */,
				BB29000128230B37002FF5C4 /* Package-version-1.resolved */,
				031D42892CDA828C00C803B8 /* Package.resolved */,
			);
			path = AcknowExampleSPM;
			sourceTree = "<group>";
		};
		D7527E3725CADE8800378FB8 /* Frameworks */ = {
			isa = PBXGroup;
			children = (
			);
			name = Frameworks;
			sourceTree = "<group>";
		};
/* End PBXGroup section */

/* Begin PBXNativeTarget section */
		D7527E1C25CADE4E00378FB8 /* AcknowExampleSPM */ = {
			isa = PBXNativeTarget;
			buildConfigurationList = D7527E3125CADE5100378FB8 /* Build configuration list for PBXNativeTarget "AcknowExampleSPM" */;
			buildPhases = (
				D7527E1925CADE4E00378FB8 /* Sources */,
				D7527E1A25CADE4E00378FB8 /* Frameworks */,
				D7527E1B25CADE4E00378FB8 /* Resources */,
			);
			buildRules = (
			);
			dependencies = (
			);
			name = AcknowExampleSPM;
			packageProductDependencies = (
				D7527E3825CADE8800378FB8 /* AcknowList */,
			);
			productName = AcknowExampleSPM;
			productReference = D7527E1D25CADE4E00378FB8 /* AcknowExampleSPM.app */;
			productType = "com.apple.product-type.application";
		};
/* End PBXNativeTarget section */

/* Begin PBXProject section */
		D7527E1525CADE4E00378FB8 /* Project object */ = {
			isa = PBXProject;
			attributes = {
				LastSwiftUpdateCheck = 1230;
				LastUpgradeCheck = 1230;
				TargetAttributes = {
					D7527E1C25CADE4E00378FB8 = {
						CreatedOnToolsVersion = 12.3;
					};
				};
			};
			buildConfigurationList = D7527E1825CADE4E00378FB8 /* Build configuration list for PBXProject "AcknowExampleSPM" */;
			compatibilityVersion = "Xcode 9.3";
			developmentRegion = en;
			hasScannedForEncodings = 0;
			knownRegions = (
				en,
				Base,
				fr,
			);
			mainGroup = D7527E1425CADE4E00378FB8;
			productRefGroup = D7527E1E25CADE4E00378FB8 /* Products */;
			projectDirPath = "";
			projectRoot = "";
			targets = (
				D7527E1C25CADE4E00378FB8 /* AcknowExampleSPM */,
			);
		};
/* End PBXProject section */

/* Begin PBXResourcesBuildPhase section */
		D7527E1B25CADE4E00378FB8 /* Resources */ = {
			isa = PBXResourcesBuildPhase;
			buildActionMask = 2147483647;
			files = (
				D7527E2D25CADE5000378FB8 /* LaunchScreen.storyboard in Resources */,
				031D428A2CDA828C00C803B8 /* Package.resolved in Resources */,
				BB29000228230B37002FF5C4 /* Package-version-1.resolved in Resources */,
				D7527E2A25CADE5000378FB8 /* Assets.xcassets in Resources */,
				D7527E2825CADE4E00378FB8 /* Main.storyboard in Resources */,
			);
			runOnlyForDeploymentPostprocessing = 0;
		};
/* End PBXResourcesBuildPhase section */

/* Begin PBXSourcesBuildPhase section */
		D7527E1925CADE4E00378FB8 /* Sources */ = {
			isa = PBXSourcesBuildPhase;
			buildActionMask = 2147483647;
			files = (
				D7527E2525CADE4E00378FB8 /* ViewController.swift in Sources */,
				D7527E2125CADE4E00378FB8 /* AppDelegate.swift in Sources */,
				D7527E2325CADE4E00378FB8 /* SceneDelegate.swift in Sources */,
			);
			runOnlyForDeploymentPostprocessing = 0;
		};
/* End PBXSourcesBuildPhase section */

/* Begin PBXVariantGroup section */
		D7527E2625CADE4E00378FB8 /* Main.storyboard */ = {
			isa = PBXVariantGroup;
			children = (
				D7527E2725CADE4E00378FB8 /* Base */,
				D7527E3B25CADF3500378FB8 /* fr */,
			);
			name = Main.storyboard;
			sourceTree = "<group>";
		};
		D7527E2B25CADE5000378FB8 /* LaunchScreen.storyboard */ = {
			isa = PBXVariantGroup;
			children = (
				D7527E2C25CADE5000378FB8 /* Base */,
				D7527E3C25CADF3500378FB8 /* fr */,
			);
			name = LaunchScreen.storyboard;
			sourceTree = "<group>";
		};
/* End PBXVariantGroup section */

/* Begin XCBuildConfiguration section */
		D7527E2F25CADE5000378FB8 /* Debug */ = {
			isa = XCBuildConfiguration;
			buildSettings = {
				ALWAYS_SEARCH_USER_PATHS = NO;
				CLANG_ANALYZER_LOCALIZABILITY_NONLOCALIZED = YES;
				CLANG_ANALYZER_NONNULL = YES;
				CLANG_ANALYZER_NUMBER_OBJECT_CONVERSION = YES_AGGRESSIVE;
				CLANG_CXX_LANGUAGE_STANDARD = "gnu++14";
				CLANG_CXX_LIBRARY = "libc++";
				CLANG_ENABLE_MODULES = YES;
				CLANG_ENABLE_OBJC_ARC = YES;
				CLANG_ENABLE_OBJC_WEAK = YES;
				CLANG_WARN_BLOCK_CAPTURE_AUTORELEASING = YES;
				CLANG_WARN_BOOL_CONVERSION = YES;
				CLANG_WARN_COMMA = YES;
				CLANG_WARN_CONSTANT_CONVERSION = YES;
				CLANG_WARN_DEPRECATED_OBJC_IMPLEMENTATIONS = YES;
				CLANG_WARN_DIRECT_OBJC_ISA_USAGE = YES_ERROR;
				CLANG_WARN_DOCUMENTATION_COMMENTS = YES;
				CLANG_WARN_EMPTY_BODY = YES;
				CLANG_WARN_ENUM_CONVERSION = YES;
				CLANG_WARN_INFINITE_RECURSION = YES;
				CLANG_WARN_INT_CONVERSION = YES;
				CLANG_WARN_NON_LITERAL_NULL_CONVERSION = YES;
				CLANG_WARN_OBJC_IMPLICIT_RETAIN_SELF = YES;
				CLANG_WARN_OBJC_LITERAL_CONVERSION = YES;
				CLANG_WARN_OBJC_ROOT_CLASS = YES_ERROR;
				CLANG_WARN_QUOTED_INCLUDE_IN_FRAMEWORK_HEADER = YES;
				CLANG_WARN_RANGE_LOOP_ANALYSIS = YES;
				CLANG_WARN_STRICT_PROTOTYPES = YES;
				CLANG_WARN_SUSPICIOUS_MOVE = YES;
				CLANG_WARN_UNGUARDED_AVAILABILITY = YES_AGGRESSIVE;
				CLANG_WARN_UNREACHABLE_CODE = YES;
				CLANG_WARN__DUPLICATE_METHOD_MATCH = YES;
				COPY_PHASE_STRIP = NO;
				DEBUG_INFORMATION_FORMAT = dwarf;
				ENABLE_STRICT_OBJC_MSGSEND = YES;
				ENABLE_TESTABILITY = YES;
				GCC_C_LANGUAGE_STANDARD = gnu11;
				GCC_DYNAMIC_NO_PIC = NO;
				GCC_NO_COMMON_BLOCKS = YES;
				GCC_OPTIMIZATION_LEVEL = 0;
				GCC_PREPROCESSOR_DEFINITIONS = (
					"DEBUG=1",
					"$(inherited)",
				);
				GCC_WARN_64_TO_32_BIT_CONVERSION = YES;
				GCC_WARN_ABOUT_RETURN_TYPE = YES_ERROR;
				GCC_WARN_UNDECLARED_SELECTOR = YES;
				GCC_WARN_UNINITIALIZED_AUTOS = YES_AGGRESSIVE;
				GCC_WARN_UNUSED_FUNCTION = YES;
				GCC_WARN_UNUSED_VARIABLE = YES;
				IPHONEOS_DEPLOYMENT_TARGET = 14.3;
				MTL_ENABLE_DEBUG_INFO = INCLUDE_SOURCE;
				MTL_FAST_MATH = YES;
				ONLY_ACTIVE_ARCH = YES;
				SDKROOT = iphoneos;
				SWIFT_ACTIVE_COMPILATION_CONDITIONS = DEBUG;
				SWIFT_OPTIMIZATION_LEVEL = "-Onone";
			};
			name = Debug;
		};
		D7527E3025CADE5000378FB8 /* Release */ = {
			isa = XCBuildConfiguration;
			buildSettings = {
				ALWAYS_SEARCH_USER_PATHS = NO;
				CLANG_ANALYZER_LOCALIZABILITY_NONLOCALIZED = YES;
				CLANG_ANALYZER_NONNULL = YES;
				CLANG_ANALYZER_NUMBER_OBJECT_CONVERSION = YES_AGGRESSIVE;
				CLANG_CXX_LANGUAGE_STANDARD = "gnu++14";
				CLANG_CXX_LIBRARY = "libc++";
				CLANG_ENABLE_MODULES = YES;
				CLANG_ENABLE_OBJC_ARC = YES;
				CLANG_ENABLE_OBJC_WEAK = YES;
				CLANG_WARN_BLOCK_CAPTURE_AUTORELEASING = YES;
				CLANG_WARN_BOOL_CONVERSION = YES;
				CLANG_WARN_COMMA = YES;
				CLANG_WARN_CONSTANT_CONVERSION = YES;
				CLANG_WARN_DEPRECATED_OBJC_IMPLEMENTATIONS = YES;
				CLANG_WARN_DIRECT_OBJC_ISA_USAGE = YES_ERROR;
				CLANG_WARN_DOCUMENTATION_COMMENTS = YES;
				CLANG_WARN_EMPTY_BODY = YES;
				CLANG_WARN_ENUM_CONVERSION = YES;
				CLANG_WARN_INFINITE_RECURSION = YES;
				CLANG_WARN_INT_CONVERSION = YES;
				CLANG_WARN_NON_LITERAL_NULL_CONVERSION = YES;
				CLANG_WARN_OBJC_IMPLICIT_RETAIN_SELF = YES;
				CLANG_WARN_OBJC_LITERAL_CONVERSION = YES;
				CLANG_WARN_OBJC_ROOT_CLASS = YES_ERROR;
				CLANG_WARN_QUOTED_INCLUDE_IN_FRAMEWORK_HEADER = YES;
				CLANG_WARN_RANGE_LOOP_ANALYSIS = YES;
				CLANG_WARN_STRICT_PROTOTYPES = YES;
				CLANG_WARN_SUSPICIOUS_MOVE = YES;
				CLANG_WARN_UNGUARDED_AVAILABILITY = YES_AGGRESSIVE;
				CLANG_WARN_UNREACHABLE_CODE = YES;
				CLANG_WARN__DUPLICATE_METHOD_MATCH = YES;
				COPY_PHASE_STRIP = NO;
				DEBUG_INFORMATION_FORMAT = "dwarf-with-dsym";
				ENABLE_NS_ASSERTIONS = NO;
				ENABLE_STRICT_OBJC_MSGSEND = YES;
				GCC_C_LANGUAGE_STANDARD = gnu11;
				GCC_NO_COMMON_BLOCKS = YES;
				GCC_WARN_64_TO_32_BIT_CONVERSION = YES;
				GCC_WARN_ABOUT_RETURN_TYPE = YES_ERROR;
				GCC_WARN_UNDECLARED_SELECTOR = YES;
				GCC_WARN_UNINITIALIZED_AUTOS = YES_AGGRESSIVE;
				GCC_WARN_UNUSED_FUNCTION = YES;
				GCC_WARN_UNUSED_VARIABLE = YES;
				IPHONEOS_DEPLOYMENT_TARGET = 14.3;
				MTL_ENABLE_DEBUG_INFO = NO;
				MTL_FAST_MATH = YES;
				SDKROOT = iphoneos;
				SWIFT_COMPILATION_MODE = wholemodule;
				SWIFT_OPTIMIZATION_LEVEL = "-O";
				VALIDATE_PRODUCT = YES;
			};
			name = Release;
		};
		D7527E3225CADE5100378FB8 /* Debug */ = {
			isa = XCBuildConfiguration;
			buildSettings = {
				ASSETCATALOG_COMPILER_APPICON_NAME = AppIcon;
				ASSETCATALOG_COMPILER_GLOBAL_ACCENT_COLOR_NAME = AccentColor;
				CODE_SIGN_STYLE = Automatic;
				DEVELOPMENT_TEAM = 77S3V3W24J;
				INFOPLIST_FILE = AcknowExampleSPM/Info.plist;
				LD_RUNPATH_SEARCH_PATHS = (
					"$(inherited)",
					"@executable_path/Frameworks",
				);
				PRODUCT_BUNDLE_IDENTIFIER = com.studioamanga.AcknowExampleSPM;
				PRODUCT_NAME = "$(TARGET_NAME)";
				SWIFT_VERSION = 5.0;
				TARGETED_DEVICE_FAMILY = "1,2";
			};
			name = Debug;
		};
		D7527E3325CADE5100378FB8 /* Release */ = {
			isa = XCBuildConfiguration;
			buildSettings = {
				ASSETCATALOG_COMPILER_APPICON_NAME = AppIcon;
				ASSETCATALOG_COMPILER_GLOBAL_ACCENT_COLOR_NAME = AccentColor;
				CODE_SIGN_STYLE = Automatic;
				DEVELOPMENT_TEAM = 77S3V3W24J;
				INFOPLIST_FILE = AcknowExampleSPM/Info.plist;
				LD_RUNPATH_SEARCH_PATHS = (
					"$(inherited)",
					"@executable_path/Frameworks",
				);
				PRODUCT_BUNDLE_IDENTIFIER = com.studioamanga.AcknowExampleSPM;
				PRODUCT_NAME = "$(TARGET_NAME)";
				SWIFT_VERSION = 5.0;
				TARGETED_DEVICE_FAMILY = "1,2";
			};
			name = Release;
		};
/* End XCBuildConfiguration section */

/* Begin XCConfigurationList section */
		D7527E1825CADE4E00378FB8 /* Build configuration list for PBXProject "AcknowExampleSPM" */ = {
			isa = XCConfigurationList;
			buildConfigurations = (
				D7527E2F25CADE5000378FB8 /* Debug */,
				D7527E3025CADE5000378FB8 /* Release */,
			);
			defaultConfigurationIsVisible = 0;
			defaultConfigurationName = Release;
		};
		D7527E3125CADE5100378FB8 /* Build configuration list for PBXNativeTarget "AcknowExampleSPM" */ = {
			isa = XCConfigurationList;
			buildConfigurations = (
				D7527E3225CADE5100378FB8 /* Debug */,
				D7527E3325CADE5100378FB8 /* Release */,
			);
			defaultConfigurationIsVisible = 0;
			defaultConfigurationName = Release;
		};
/* End XCConfigurationList section */

/* Begin XCSwiftPackageProductDependency section */
		D7527E3825CADE8800378FB8 /* AcknowList */ = {
			isa = XCSwiftPackageProductDependency;
			productName = AcknowList;
		};
/* End XCSwiftPackageProductDependency section */
	};
	rootObject = D7527E1525CADE4E00378FB8 /* Project object */;
}
